// !$*UTF8*$!
{
	archiveVersion = 1;
	classes = {
	};
	objectVersion = 46;
	objects = {

/* Begin PBXBuildFile section */
		92DC8CD4C74F1AAC276B6D77 /* Pods_Cheers.framework in Frameworks */ = {isa = PBXBuildFile; fileRef = B52B2CBEAFF6980F4C4B2420 /* Pods_Cheers.framework */; };
		9D369DF71E73E5E200E9B183 /* FluidViewController.swift in Sources */ = {isa = PBXBuildFile; fileRef = 9D369DF61E73E5E200E9B183 /* FluidViewController.swift */; };
		9D369DFA1E74085B00E9B183 /* MyNightViewController.swift in Sources */ = {isa = PBXBuildFile; fileRef = 9D369DF91E74085B00E9B183 /* MyNightViewController.swift */; };
		9DC225301E734E9E0001DDFA /* Extensions.swift in Sources */ = {isa = PBXBuildFile; fileRef = 9DC2252F1E734E9E0001DDFA /* Extensions.swift */; };
		9DC225321E7354AC0001DDFA /* Bitmoji.xcassets in Resources */ = {isa = PBXBuildFile; fileRef = 9DC225311E7354AC0001DDFA /* Bitmoji.xcassets */; };
		9DC225371E7377CE0001DDFA /* GradientMaskView.swift in Sources */ = {isa = PBXBuildFile; fileRef = 9DC225361E7377CE0001DDFA /* GradientMaskView.swift */; };
		9DD0DCAF1E7270BE005D2F74 /* AppDelegate.swift in Sources */ = {isa = PBXBuildFile; fileRef = 9DD0DCAE1E7270BE005D2F74 /* AppDelegate.swift */; };
		9DD0DCB11E7270BE005D2F74 /* ViewController.swift in Sources */ = {isa = PBXBuildFile; fileRef = 9DD0DCB01E7270BE005D2F74 /* ViewController.swift */; };
		9DD0DCB41E7270BE005D2F74 /* Main.storyboard in Resources */ = {isa = PBXBuildFile; fileRef = 9DD0DCB21E7270BE005D2F74 /* Main.storyboard */; };
		9DD0DCB71E7270BE005D2F74 /* Cheers.xcdatamodeld in Sources */ = {isa = PBXBuildFile; fileRef = 9DD0DCB51E7270BE005D2F74 /* Cheers.xcdatamodeld */; };
		9DD0DCB91E7270BE005D2F74 /* Icons.xcassets in Resources */ = {isa = PBXBuildFile; fileRef = 9DD0DCB81E7270BE005D2F74 /* Icons.xcassets */; };
		9DD0DCBC1E7270BE005D2F74 /* LaunchScreen.storyboard in Resources */ = {isa = PBXBuildFile; fileRef = 9DD0DCBA1E7270BE005D2F74 /* LaunchScreen.storyboard */; };
		9DD0DCC51E727812005D2F74 /* FriendsViewController.swift in Sources */ = {isa = PBXBuildFile; fileRef = 9DD0DCC41E727812005D2F74 /* FriendsViewController.swift */; };
		9DD0DCC81E727831005D2F74 /* SnapContainerViewController.swift in Sources */ = {isa = PBXBuildFile; fileRef = 9DD0DCC61E727831005D2F74 /* SnapContainerViewController.swift */; };
		9DD0DCC91E727831005D2F74 /* VerticalScrollViewController.swift in Sources */ = {isa = PBXBuildFile; fileRef = 9DD0DCC71E727831005D2F74 /* VerticalScrollViewController.swift */; };
		9DD0DCCC1E727E68005D2F74 /* DrinkingBuddy.swift in Sources */ = {isa = PBXBuildFile; fileRef = 9DD0DCCB1E727E68005D2F74 /* DrinkingBuddy.swift */; };
		9DD0DCCE1E729734005D2F74 /* FriendCollectionViewCell.swift in Sources */ = {isa = PBXBuildFile; fileRef = 9DD0DCCD1E729734005D2F74 /* FriendCollectionViewCell.swift */; };
		9DD0DCD01E729742005D2F74 /* DrunkFriendCollectionViewCell.swift in Sources */ = {isa = PBXBuildFile; fileRef = 9DD0DCCF1E729742005D2F74 /* DrunkFriendCollectionViewCell.swift */; };
		9DD0DCD21E72A016005D2F74 /* LocationViewController.swift in Sources */ = {isa = PBXBuildFile; fileRef = 9DD0DCD11E72A016005D2F74 /* LocationViewController.swift */; };
		C1793A591E766EE800887B0C /* DCPathButton.m in Sources */ = {isa = PBXBuildFile; fileRef = C1793A561E766EE800887B0C /* DCPathButton.m */; };
		C1793A5A1E766EE800887B0C /* DCPathItemButton.m in Sources */ = {isa = PBXBuildFile; fileRef = C1793A581E766EE800887B0C /* DCPathItemButton.m */; };
/* End PBXBuildFile section */

/* Begin PBXFileReference section */
		2B0EBBE48DB9F745A7E2A9EC /* Pods-Cheers.release.xcconfig */ = {isa = PBXFileReference; includeInIndex = 1; lastKnownFileType = text.xcconfig; name = "Pods-Cheers.release.xcconfig"; path = "Pods/Target Support Files/Pods-Cheers/Pods-Cheers.release.xcconfig"; sourceTree = "<group>"; };
		9D369DF41E73DD1500E9B183 /* BAFluidView.framework */ = {isa = PBXFileReference; lastKnownFileType = wrapper.framework; name = BAFluidView.framework; path = "Pods/../build/Debug-iphoneos/BAFluidView/BAFluidView.framework"; sourceTree = "<group>"; };
		9D369DF61E73E5E200E9B183 /* FluidViewController.swift */ = {isa = PBXFileReference; fileEncoding = 4; lastKnownFileType = sourcecode.swift; path = FluidViewController.swift; sourceTree = "<group>"; };
		9D369DF91E74085B00E9B183 /* MyNightViewController.swift */ = {isa = PBXFileReference; fileEncoding = 4; lastKnownFileType = sourcecode.swift; path = MyNightViewController.swift; sourceTree = "<group>"; };
		9DC2252F1E734E9E0001DDFA /* Extensions.swift */ = {isa = PBXFileReference; fileEncoding = 4; lastKnownFileType = sourcecode.swift; path = Extensions.swift; sourceTree = "<group>"; };
		9DC225311E7354AC0001DDFA /* Bitmoji.xcassets */ = {isa = PBXFileReference; lastKnownFileType = folder.assetcatalog; path = Bitmoji.xcassets; sourceTree = "<group>"; };
		9DC225361E7377CE0001DDFA /* GradientMaskView.swift */ = {isa = PBXFileReference; fileEncoding = 4; lastKnownFileType = sourcecode.swift; path = GradientMaskView.swift; sourceTree = "<group>"; };
		9DD0DCAB1E7270BE005D2F74 /* Cheers.app */ = {isa = PBXFileReference; explicitFileType = wrapper.application; includeInIndex = 0; path = Cheers.app; sourceTree = BUILT_PRODUCTS_DIR; };
		9DD0DCAE1E7270BE005D2F74 /* AppDelegate.swift */ = {isa = PBXFileReference; lastKnownFileType = sourcecode.swift; path = AppDelegate.swift; sourceTree = "<group>"; };
		9DD0DCB01E7270BE005D2F74 /* ViewController.swift */ = {isa = PBXFileReference; lastKnownFileType = sourcecode.swift; path = ViewController.swift; sourceTree = "<group>"; };
		9DD0DCB31E7270BE005D2F74 /* Base */ = {isa = PBXFileReference; lastKnownFileType = file.storyboard; name = Base; path = Base.lproj/Main.storyboard; sourceTree = "<group>"; };
		9DD0DCB61E7270BE005D2F74 /* Cheers.xcdatamodel */ = {isa = PBXFileReference; lastKnownFileType = wrapper.xcdatamodel; path = Cheers.xcdatamodel; sourceTree = "<group>"; };
		9DD0DCB81E7270BE005D2F74 /* Icons.xcassets */ = {isa = PBXFileReference; lastKnownFileType = folder.assetcatalog; path = Icons.xcassets; sourceTree = "<group>"; };
		9DD0DCBB1E7270BE005D2F74 /* Base */ = {isa = PBXFileReference; lastKnownFileType = file.storyboard; name = Base; path = Base.lproj/LaunchScreen.storyboard; sourceTree = "<group>"; };
		9DD0DCBD1E7270BE005D2F74 /* Info.plist */ = {isa = PBXFileReference; lastKnownFileType = text.plist.xml; path = Info.plist; sourceTree = "<group>"; };
		9DD0DCC41E727812005D2F74 /* FriendsViewController.swift */ = {isa = PBXFileReference; fileEncoding = 4; lastKnownFileType = sourcecode.swift; path = FriendsViewController.swift; sourceTree = "<group>"; };
		9DD0DCC61E727831005D2F74 /* SnapContainerViewController.swift */ = {isa = PBXFileReference; fileEncoding = 4; lastKnownFileType = sourcecode.swift; path = SnapContainerViewController.swift; sourceTree = "<group>"; };
		9DD0DCC71E727831005D2F74 /* VerticalScrollViewController.swift */ = {isa = PBXFileReference; fileEncoding = 4; lastKnownFileType = sourcecode.swift; path = VerticalScrollViewController.swift; sourceTree = "<group>"; };
		9DD0DCCB1E727E68005D2F74 /* DrinkingBuddy.swift */ = {isa = PBXFileReference; fileEncoding = 4; lastKnownFileType = sourcecode.swift; path = DrinkingBuddy.swift; sourceTree = "<group>"; };
		9DD0DCCD1E729734005D2F74 /* FriendCollectionViewCell.swift */ = {isa = PBXFileReference; fileEncoding = 4; lastKnownFileType = sourcecode.swift; path = FriendCollectionViewCell.swift; sourceTree = "<group>"; };
		9DD0DCCF1E729742005D2F74 /* DrunkFriendCollectionViewCell.swift */ = {isa = PBXFileReference; fileEncoding = 4; lastKnownFileType = sourcecode.swift; path = DrunkFriendCollectionViewCell.swift; sourceTree = "<group>"; };
		9DD0DCD11E72A016005D2F74 /* LocationViewController.swift */ = {isa = PBXFileReference; fileEncoding = 4; lastKnownFileType = sourcecode.swift; path = LocationViewController.swift; sourceTree = "<group>"; };
		B52B2CBEAFF6980F4C4B2420 /* Pods_Cheers.framework */ = {isa = PBXFileReference; explicitFileType = wrapper.framework; includeInIndex = 0; path = Pods_Cheers.framework; sourceTree = BUILT_PRODUCTS_DIR; };
		C1793A551E766EE800887B0C /* DCPathButton.h */ = {isa = PBXFileReference; fileEncoding = 4; lastKnownFileType = sourcecode.c.h; path = DCPathButton.h; sourceTree = "<group>"; };
		C1793A561E766EE800887B0C /* DCPathButton.m */ = {isa = PBXFileReference; fileEncoding = 4; lastKnownFileType = sourcecode.c.objc; path = DCPathButton.m; sourceTree = "<group>"; };
		C1793A571E766EE800887B0C /* DCPathItemButton.h */ = {isa = PBXFileReference; fileEncoding = 4; lastKnownFileType = sourcecode.c.h; path = DCPathItemButton.h; sourceTree = "<group>"; };
		C1793A581E766EE800887B0C /* DCPathItemButton.m */ = {isa = PBXFileReference; fileEncoding = 4; lastKnownFileType = sourcecode.c.objc; path = DCPathItemButton.m; sourceTree = "<group>"; };
		C1793A5B1E76702800887B0C /* Cheers-Bridging-Header.h */ = {isa = PBXFileReference; fileEncoding = 4; lastKnownFileType = sourcecode.c.h; path = "Cheers-Bridging-Header.h"; sourceTree = "<group>"; };
		F387298147FC624B80858322 /* Pods-Cheers.debug.xcconfig */ = {isa = PBXFileReference; includeInIndex = 1; lastKnownFileType = text.xcconfig; name = "Pods-Cheers.debug.xcconfig"; path = "Pods/Target Support Files/Pods-Cheers/Pods-Cheers.debug.xcconfig"; sourceTree = "<group>"; };
/* End PBXFileReference section */

/* Begin PBXFrameworksBuildPhase section */
		9DD0DCA81E7270BE005D2F74 /* Frameworks */ = {
			isa = PBXFrameworksBuildPhase;
			buildActionMask = 2147483647;
			files = (
				92DC8CD4C74F1AAC276B6D77 /* Pods_Cheers.framework in Frameworks */,
			);
			runOnlyForDeploymentPostprocessing = 0;
		};
/* End PBXFrameworksBuildPhase section */

/* Begin PBXGroup section */
		81325740B00EE8CBBD7DFE8C /* Pods */ = {
			isa = PBXGroup;
			children = (
				F387298147FC624B80858322 /* Pods-Cheers.debug.xcconfig */,
				2B0EBBE48DB9F745A7E2A9EC /* Pods-Cheers.release.xcconfig */,
			);
			name = Pods;
			sourceTree = "<group>";
		};
		9D369DF81E73FD1800E9B183 /* Manual Tracker */ = {
			isa = PBXGroup;
			children = (
				C1793A5B1E76702800887B0C /* Cheers-Bridging-Header.h */,
				C1793A551E766EE800887B0C /* DCPathButton.h */,
				C1793A561E766EE800887B0C /* DCPathButton.m */,
				C1793A571E766EE800887B0C /* DCPathItemButton.h */,
				C1793A581E766EE800887B0C /* DCPathItemButton.m */,
				9D369DF61E73E5E200E9B183 /* FluidViewController.swift */,
			);
			name = "Manual Tracker";
			sourceTree = "<group>";
		};
		9DC2252C1E732CBE0001DDFA /* Friend Collection */ = {
			isa = PBXGroup;
			children = (
				9DD0DCCD1E729734005D2F74 /* FriendCollectionViewCell.swift */,
				9DD0DCCF1E729742005D2F74 /* DrunkFriendCollectionViewCell.swift */,
				9DD0DCC41E727812005D2F74 /* FriendsViewController.swift */,
				9DC225361E7377CE0001DDFA /* GradientMaskView.swift */,
			);
			name = "Friend Collection";
			sourceTree = "<group>";
		};
		9DC225331E73569C0001DDFA /* Location View */ = {
			isa = PBXGroup;
			children = (
				9DD0DCD11E72A016005D2F74 /* LocationViewController.swift */,
			);
			name = "Location View";
			sourceTree = "<group>";
		};
		9DC225341E7356B80001DDFA /* Assets */ = {
			isa = PBXGroup;
			children = (
				9DD0DCB81E7270BE005D2F74 /* Icons.xcassets */,
				9DC225311E7354AC0001DDFA /* Bitmoji.xcassets */,
			);
			name = Assets;
			sourceTree = "<group>";
		};
		9DC225351E7356C50001DDFA /* Supporting Files */ = {
			isa = PBXGroup;
			children = (
				9DC2252F1E734E9E0001DDFA /* Extensions.swift */,
				9DD0DCBA1E7270BE005D2F74 /* LaunchScreen.storyboard */,
				9DD0DCBD1E7270BE005D2F74 /* Info.plist */,
			);
			name = "Supporting Files";
			sourceTree = "<group>";
		};
		9DD0DCA21E7270BE005D2F74 = {
			isa = PBXGroup;
			children = (
				9DD0DCAD1E7270BE005D2F74 /* Cheers */,
				9DD0DCAC1E7270BE005D2F74 /* Products */,
				81325740B00EE8CBBD7DFE8C /* Pods */,
				CAF96CCB6D7576E597D716C2 /* Frameworks */,
			);
			sourceTree = "<group>";
		};
		9DD0DCAC1E7270BE005D2F74 /* Products */ = {
			isa = PBXGroup;
			children = (
				9DD0DCAB1E7270BE005D2F74 /* Cheers.app */,
			);
			name = Products;
			sourceTree = "<group>";
		};
		9DD0DCAD1E7270BE005D2F74 /* Cheers */ = {
			isa = PBXGroup;
			children = (
				9DD0DCAE1E7270BE005D2F74 /* AppDelegate.swift */,
				9DC225351E7356C50001DDFA /* Supporting Files */,
				9DD0DCCA1E72784D005D2F74 /* Swipe Screens */,
				9DD0DCB01E7270BE005D2F74 /* ViewController.swift */,
				9DD0DCB21E7270BE005D2F74 /* Main.storyboard */,
				9D369DF91E74085B00E9B183 /* MyNightViewController.swift */,
				9DC225331E73569C0001DDFA /* Location View */,
				9D369DF81E73FD1800E9B183 /* Manual Tracker */,
				9DC2252C1E732CBE0001DDFA /* Friend Collection */,
				9DD0DCCB1E727E68005D2F74 /* DrinkingBuddy.swift */,
				9DC225341E7356B80001DDFA /* Assets */,
				9DD0DCC31E7270D5005D2F74 /* Core Data */,
			);
			path = Cheers;
			sourceTree = "<group>";
		};
		9DD0DCC31E7270D5005D2F74 /* Core Data */ = {
			isa = PBXGroup;
			children = (
				9DD0DCB51E7270BE005D2F74 /* Cheers.xcdatamodeld */,
			);
			name = "Core Data";
			sourceTree = "<group>";
		};
		9DD0DCCA1E72784D005D2F74 /* Swipe Screens */ = {
			isa = PBXGroup;
			children = (
				9DD0DCC61E727831005D2F74 /* SnapContainerViewController.swift */,
				9DD0DCC71E727831005D2F74 /* VerticalScrollViewController.swift */,
			);
			name = "Swipe Screens";
			sourceTree = "<group>";
		};
		CAF96CCB6D7576E597D716C2 /* Frameworks */ = {
			isa = PBXGroup;
			children = (
				9D369DF41E73DD1500E9B183 /* BAFluidView.framework */,
				B52B2CBEAFF6980F4C4B2420 /* Pods_Cheers.framework */,
			);
			name = Frameworks;
			sourceTree = "<group>";
		};
/* End PBXGroup section */

/* Begin PBXNativeTarget section */
		9DD0DCAA1E7270BE005D2F74 /* Cheers */ = {
			isa = PBXNativeTarget;
			buildConfigurationList = 9DD0DCC01E7270BE005D2F74 /* Build configuration list for PBXNativeTarget "Cheers" */;
			buildPhases = (
				47C3AAD9F8A38AC72BE4B1AA /* [CP] Check Pods Manifest.lock */,
				9DD0DCA71E7270BE005D2F74 /* Sources */,
				9DD0DCA81E7270BE005D2F74 /* Frameworks */,
				9DD0DCA91E7270BE005D2F74 /* Resources */,
				F5CC043E20A1532A05FC8798 /* [CP] Embed Pods Frameworks */,
				E9E39D7DD20D8177C334E82D /* [CP] Copy Pods Resources */,
			);
			buildRules = (
			);
			dependencies = (
			);
			name = Cheers;
			productName = Cheers;
			productReference = 9DD0DCAB1E7270BE005D2F74 /* Cheers.app */;
			productType = "com.apple.product-type.application";
		};
/* End PBXNativeTarget section */

/* Begin PBXProject section */
		9DD0DCA31E7270BE005D2F74 /* Project object */ = {
			isa = PBXProject;
			attributes = {
				LastSwiftUpdateCheck = 0820;
				LastUpgradeCheck = 0820;
				ORGANIZATIONNAME = Stanford;
				TargetAttributes = {
					9DD0DCAA1E7270BE005D2F74 = {
						CreatedOnToolsVersion = 8.2.1;
						DevelopmentTeam = 84Y59RJMZ3;
						LastSwiftMigration = 0820;
						ProvisioningStyle = Automatic;
					};
				};
			};
			buildConfigurationList = 9DD0DCA61E7270BE005D2F74 /* Build configuration list for PBXProject "Cheers" */;
			compatibilityVersion = "Xcode 3.2";
			developmentRegion = English;
			hasScannedForEncodings = 0;
			knownRegions = (
				en,
				Base,
			);
			mainGroup = 9DD0DCA21E7270BE005D2F74;
			productRefGroup = 9DD0DCAC1E7270BE005D2F74 /* Products */;
			projectDirPath = "";
			projectRoot = "";
			targets = (
				9DD0DCAA1E7270BE005D2F74 /* Cheers */,
			);
		};
/* End PBXProject section */

/* Begin PBXResourcesBuildPhase section */
		9DD0DCA91E7270BE005D2F74 /* Resources */ = {
			isa = PBXResourcesBuildPhase;
			buildActionMask = 2147483647;
			files = (
				9DD0DCBC1E7270BE005D2F74 /* LaunchScreen.storyboard in Resources */,
				9DD0DCB91E7270BE005D2F74 /* Icons.xcassets in Resources */,
				9DC225321E7354AC0001DDFA /* Bitmoji.xcassets in Resources */,
				9DD0DCB41E7270BE005D2F74 /* Main.storyboard in Resources */,
			);
			runOnlyForDeploymentPostprocessing = 0;
		};
/* End PBXResourcesBuildPhase section */

/* Begin PBXShellScriptBuildPhase section */
		47C3AAD9F8A38AC72BE4B1AA /* [CP] Check Pods Manifest.lock */ = {
			isa = PBXShellScriptBuildPhase;
			buildActionMask = 2147483647;
			files = (
			);
			inputPaths = (
			);
			name = "[CP] Check Pods Manifest.lock";
			outputPaths = (
			);
			runOnlyForDeploymentPostprocessing = 0;
			shellPath = /bin/sh;
			shellScript = "diff \"${PODS_ROOT}/../Podfile.lock\" \"${PODS_ROOT}/Manifest.lock\" > /dev/null\nif [ $? != 0 ] ; then\n    # print error to STDERR\n    echo \"error: The sandbox is not in sync with the Podfile.lock. Run 'pod install' or update your CocoaPods installation.\" >&2\n    exit 1\nfi\n";
			showEnvVarsInLog = 0;
		};
		E9E39D7DD20D8177C334E82D /* [CP] Copy Pods Resources */ = {
			isa = PBXShellScriptBuildPhase;
			buildActionMask = 2147483647;
			files = (
			);
			inputPaths = (
			);
			name = "[CP] Copy Pods Resources";
			outputPaths = (
			);
			runOnlyForDeploymentPostprocessing = 0;
			shellPath = /bin/sh;
			shellScript = "\"${SRCROOT}/Pods/Target Support Files/Pods-Cheers/Pods-Cheers-resources.sh\"\n";
			showEnvVarsInLog = 0;
		};
		F5CC043E20A1532A05FC8798 /* [CP] Embed Pods Frameworks */ = {
			isa = PBXShellScriptBuildPhase;
			buildActionMask = 2147483647;
			files = (
			);
			inputPaths = (
			);
			name = "[CP] Embed Pods Frameworks";
			outputPaths = (
			);
			runOnlyForDeploymentPostprocessing = 0;
			shellPath = /bin/sh;
			shellScript = "\"${SRCROOT}/Pods/Target Support Files/Pods-Cheers/Pods-Cheers-frameworks.sh\"\n";
			showEnvVarsInLog = 0;
		};
/* End PBXShellScriptBuildPhase section */

/* Begin PBXSourcesBuildPhase section */
		9DD0DCA71E7270BE005D2F74 /* Sources */ = {
			isa = PBXSourcesBuildPhase;
			buildActionMask = 2147483647;
			files = (
				9DD0DCD01E729742005D2F74 /* DrunkFriendCollectionViewCell.swift in Sources */,
				9DD0DCCE1E729734005D2F74 /* FriendCollectionViewCell.swift in Sources */,
				9DD0DCC51E727812005D2F74 /* FriendsViewController.swift in Sources */,
				C1793A591E766EE800887B0C /* DCPathButton.m in Sources */,
				9DD0DCC91E727831005D2F74 /* VerticalScrollViewController.swift in Sources */,
				9DD0DCB11E7270BE005D2F74 /* ViewController.swift in Sources */,
				9D369DF71E73E5E200E9B183 /* FluidViewController.swift in Sources */,
				9DD0DCD21E72A016005D2F74 /* LocationViewController.swift in Sources */,
				9DD0DCC81E727831005D2F74 /* SnapContainerViewController.swift in Sources */,
				9DD0DCCC1E727E68005D2F74 /* DrinkingBuddy.swift in Sources */,
				9DD0DCB71E7270BE005D2F74 /* Cheers.xcdatamodeld in Sources */,
				9DC225301E734E9E0001DDFA /* Extensions.swift in Sources */,
				C1793A5A1E766EE800887B0C /* DCPathItemButton.m in Sources */,
				9DC225371E7377CE0001DDFA /* GradientMaskView.swift in Sources */,
				9DD0DCAF1E7270BE005D2F74 /* AppDelegate.swift in Sources */,
				9D369DFA1E74085B00E9B183 /* MyNightViewController.swift in Sources */,
			);
			runOnlyForDeploymentPostprocessing = 0;
		};
/* End PBXSourcesBuildPhase section */

/* Begin PBXVariantGroup section */
		9DD0DCB21E7270BE005D2F74 /* Main.storyboard */ = {
			isa = PBXVariantGroup;
			children = (
				9DD0DCB31E7270BE005D2F74 /* Base */,
			);
			name = Main.storyboard;
			sourceTree = "<group>";
		};
		9DD0DCBA1E7270BE005D2F74 /* LaunchScreen.storyboard */ = {
			isa = PBXVariantGroup;
			children = (
				9DD0DCBB1E7270BE005D2F74 /* Base */,
			);
			name = LaunchScreen.storyboard;
			sourceTree = "<group>";
		};
/* End PBXVariantGroup section */

/* Begin XCBuildConfiguration section */
		9DD0DCBE1E7270BE005D2F74 /* Debug */ = {
			isa = XCBuildConfiguration;
			buildSettings = {
				ALWAYS_SEARCH_USER_PATHS = NO;
				CLANG_ANALYZER_NONNULL = YES;
				CLANG_CXX_LANGUAGE_STANDARD = "gnu++0x";
				CLANG_CXX_LIBRARY = "libc++";
				CLANG_ENABLE_MODULES = YES;
				CLANG_ENABLE_OBJC_ARC = YES;
				CLANG_WARN_BOOL_CONVERSION = YES;
				CLANG_WARN_CONSTANT_CONVERSION = YES;
				CLANG_WARN_DIRECT_OBJC_ISA_USAGE = YES_ERROR;
				CLANG_WARN_DOCUMENTATION_COMMENTS = YES;
				CLANG_WARN_EMPTY_BODY = YES;
				CLANG_WARN_ENUM_CONVERSION = YES;
				CLANG_WARN_INFINITE_RECURSION = YES;
				CLANG_WARN_INT_CONVERSION = YES;
				CLANG_WARN_OBJC_ROOT_CLASS = YES_ERROR;
				CLANG_WARN_SUSPICIOUS_MOVE = YES;
				CLANG_WARN_UNREACHABLE_CODE = YES;
				CLANG_WARN__DUPLICATE_METHOD_MATCH = YES;
				"CODE_SIGN_IDENTITY[sdk=iphoneos*]" = "iPhone Developer";
				COPY_PHASE_STRIP = NO;
				DEBUG_INFORMATION_FORMAT = dwarf;
				ENABLE_STRICT_OBJC_MSGSEND = YES;
				ENABLE_TESTABILITY = YES;
				GCC_C_LANGUAGE_STANDARD = gnu99;
				GCC_DYNAMIC_NO_PIC = NO;
				GCC_NO_COMMON_BLOCKS = YES;
				GCC_OPTIMIZATION_LEVEL = 0;
				GCC_PREPROCESSOR_DEFINITIONS = (
					"DEBUG=1",
					"$(inherited)",
				);
				GCC_WARN_64_TO_32_BIT_CONVERSION = YES;
				GCC_WARN_ABOUT_RETURN_TYPE = YES_ERROR;
				GCC_WARN_UNDECLARED_SELECTOR = YES;
				GCC_WARN_UNINITIALIZED_AUTOS = YES_AGGRESSIVE;
				GCC_WARN_UNUSED_FUNCTION = YES;
				GCC_WARN_UNUSED_VARIABLE = YES;
				IPHONEOS_DEPLOYMENT_TARGET = 10.2;
				MTL_ENABLE_DEBUG_INFO = YES;
				ONLY_ACTIVE_ARCH = YES;
				SDKROOT = iphoneos;
				SWIFT_ACTIVE_COMPILATION_CONDITIONS = DEBUG;
				SWIFT_OPTIMIZATION_LEVEL = "-Onone";
			};
			name = Debug;
		};
		9DD0DCBF1E7270BE005D2F74 /* Release */ = {
			isa = XCBuildConfiguration;
			buildSettings = {
				ALWAYS_SEARCH_USER_PATHS = NO;
				CLANG_ANALYZER_NONNULL = YES;
				CLANG_CXX_LANGUAGE_STANDARD = "gnu++0x";
				CLANG_CXX_LIBRARY = "libc++";
				CLANG_ENABLE_MODULES = YES;
				CLANG_ENABLE_OBJC_ARC = YES;
				CLANG_WARN_BOOL_CONVERSION = YES;
				CLANG_WARN_CONSTANT_CONVERSION = YES;
				CLANG_WARN_DIRECT_OBJC_ISA_USAGE = YES_ERROR;
				CLANG_WARN_DOCUMENTATION_COMMENTS = YES;
				CLANG_WARN_EMPTY_BODY = YES;
				CLANG_WARN_ENUM_CONVERSION = YES;
				CLANG_WARN_INFINITE_RECURSION = YES;
				CLANG_WARN_INT_CONVERSION = YES;
				CLANG_WARN_OBJC_ROOT_CLASS = YES_ERROR;
				CLANG_WARN_SUSPICIOUS_MOVE = YES;
				CLANG_WARN_UNREACHABLE_CODE = YES;
				CLANG_WARN__DUPLICATE_METHOD_MATCH = YES;
				"CODE_SIGN_IDENTITY[sdk=iphoneos*]" = "iPhone Developer";
				COPY_PHASE_STRIP = NO;
				DEBUG_INFORMATION_FORMAT = "dwarf-with-dsym";
				ENABLE_NS_ASSERTIONS = NO;
				ENABLE_STRICT_OBJC_MSGSEND = YES;
				GCC_C_LANGUAGE_STANDARD = gnu99;
				GCC_NO_COMMON_BLOCKS = YES;
				GCC_WARN_64_TO_32_BIT_CONVERSION = YES;
				GCC_WARN_ABOUT_RETURN_TYPE = YES_ERROR;
				GCC_WARN_UNDECLARED_SELECTOR = YES;
				GCC_WARN_UNINITIALIZED_AUTOS = YES_AGGRESSIVE;
				GCC_WARN_UNUSED_FUNCTION = YES;
				GCC_WARN_UNUSED_VARIABLE = YES;
				IPHONEOS_DEPLOYMENT_TARGET = 10.2;
				MTL_ENABLE_DEBUG_INFO = NO;
				SDKROOT = iphoneos;
				SWIFT_OPTIMIZATION_LEVEL = "-Owholemodule";
				VALIDATE_PRODUCT = YES;
			};
			name = Release;
		};
		9DD0DCC11E7270BE005D2F74 /* Debug */ = {
			isa = XCBuildConfiguration;
			baseConfigurationReference = F387298147FC624B80858322 /* Pods-Cheers.debug.xcconfig */;
			buildSettings = {
				ASSETCATALOG_COMPILER_APPICON_NAME = AppIcon;
				CLANG_ENABLE_MODULES = YES;
				DEVELOPMENT_TEAM = 84Y59RJMZ3;
				FRAMEWORK_SEARCH_PATHS = (
					"$(inherited)",
					"$(PROJECT_DIR)/build/Debug-iphoneos/BAFluidView",
				);
				INFOPLIST_FILE = Cheers/Info.plist;
				LD_RUNPATH_SEARCH_PATHS = "$(inherited) @executable_path/Frameworks";
				PRODUCT_BUNDLE_IDENTIFIER = edu.stanford.cs247.mxiao26.Cheers;
				PRODUCT_NAME = "$(TARGET_NAME)";
				SWIFT_OBJC_BRIDGING_HEADER = "Cheers/Cheers-Bridging-Header.h";
				SWIFT_OPTIMIZATION_LEVEL = "-Onone";
				SWIFT_VERSION = 3.0;
			};
			name = Debug;
		};
		9DD0DCC21E7270BE005D2F74 /* Release */ = {
			isa = XCBuildConfiguration;
			baseConfigurationReference = 2B0EBBE48DB9F745A7E2A9EC /* Pods-Cheers.release.xcconfig */;
			buildSettings = {
				ASSETCATALOG_COMPILER_APPICON_NAME = AppIcon;
				CLANG_ENABLE_MODULES = YES;
				DEVELOPMENT_TEAM = 84Y59RJMZ3;
				FRAMEWORK_SEARCH_PATHS = (
					"$(inherited)",
					"$(PROJECT_DIR)/build/Debug-iphoneos/BAFluidView",
				);
				INFOPLIST_FILE = Cheers/Info.plist;
				LD_RUNPATH_SEARCH_PATHS = "$(inherited) @executable_path/Frameworks";
				PRODUCT_BUNDLE_IDENTIFIER = edu.stanford.cs247.mxiao26.Cheers;
				PRODUCT_NAME = "$(TARGET_NAME)";
				SWIFT_OBJC_BRIDGING_HEADER = "Cheers/Cheers-Bridging-Header.h";
				SWIFT_VERSION = 3.0;
			};
			name = Release;
		};
/* End XCBuildConfiguration section */

/* Begin XCConfigurationList section */
		9DD0DCA61E7270BE005D2F74 /* Build configuration list for PBXProject "Cheers" */ = {
			isa = XCConfigurationList;
			buildConfigurations = (
				9DD0DCBE1E7270BE005D2F74 /* Debug */,
				9DD0DCBF1E7270BE005D2F74 /* Release */,
			);
			defaultConfigurationIsVisible = 0;
			defaultConfigurationName = Release;
		};
		9DD0DCC01E7270BE005D2F74 /* Build configuration list for PBXNativeTarget "Cheers" */ = {
			isa = XCConfigurationList;
			buildConfigurations = (
				9DD0DCC11E7270BE005D2F74 /* Debug */,
				9DD0DCC21E7270BE005D2F74 /* Release */,
			);
			defaultConfigurationIsVisible = 0;
			defaultConfigurationName = Release;
		};
/* End XCConfigurationList section */

/* Begin XCVersionGroup section */
		9DD0DCB51E7270BE005D2F74 /* Cheers.xcdatamodeld */ = {
			isa = XCVersionGroup;
			children = (
				9DD0DCB61E7270BE005D2F74 /* Cheers.xcdatamodel */,
			);
			currentVersion = 9DD0DCB61E7270BE005D2F74 /* Cheers.xcdatamodel */;
			path = Cheers.xcdatamodeld;
			sourceTree = "<group>";
			versionGroupType = wrapper.xcdatamodel;
		};
/* End XCVersionGroup section */
	};
	rootObject = 9DD0DCA31E7270BE005D2F74 /* Project object */;
}
